{"data":"ewogICJuYW1lIjogImZldXJvbmEtcG9ydGZvbGlvIiwKICAidmVyc2lvbiI6ICIxLjAuMCIsCiAgImxvY2tmaWxlVmVyc2lvbiI6IDMsCiAgInJlcXVpcmVzIjogdHJ1ZSwKICAicGFja2FnZXMiOiB7CiAgICAiIjogewogICAgICAibmFtZSI6ICJmZXVyb25hLXBvcnRmb2xpbyIsCiAgICAgICJ2ZXJzaW9uIjogIjEuMC4wIiwKICAgICAgImRlcGVuZGVuY2llcyI6IHsKICAgICAgICAiQHZlcmNlbC9ibG9iIjogIl4wLjI0LjAiCiAgICAgIH0KICAgIH0sCiAgICAibm9kZV9tb2R1bGVzL0BmYXN0aWZ5L2J1c2JveSI6IHsKICAgICAgInZlcnNpb24iOiAiMi4xLjEiLAogICAgICAicmVzb2x2ZWQiOiAiaHR0cHM6Ly9yZWdpc3RyeS5ucG1qcy5vcmcvQGZhc3RpZnkvYnVzYm95Ly0vYnVzYm95LTIuMS4xLnRneiIsCiAgICAgICJpbnRlZ3JpdHkiOiAic2hhNTEyLXZCWlA0Tmx6Zk9sZXJRVG5iYTRhcVpvTWhFL2E5SFk3SFJxb09QYUVUUWNTUXVXRUl5Wk1IR2ZWdTZ3OXdHdEdLNWZFRDVxUnMyRHRlVkNqT0g2MHNBPT0iLAogICAgICAibGljZW5zZSI6ICJNSVQiLAogICAgICAiZW5naW5lcyI6IHsKICAgICAgICAibm9kZSI6ICI+PTE0IgogICAgICB9CiAgICB9LAogICAgIm5vZGVfbW9kdWxlcy9AdmVyY2VsL2Jsb2IiOiB7CiAgICAgICJ2ZXJzaW9uIjogIjAuMjQuMSIsCiAgICAgICJyZXNvbHZlZCI6ICJodHRwczovL3JlZ2lzdHJ5Lm5wbWpzLm9yZy9AdmVyY2VsL2Jsb2IvLS9ibG9iLTAuMjQuMS50Z3oiLAogICAgICAiaW50ZWdyaXR5IjogInNoYTUxMi13SHpnS3p2QXVGNHRSRG9YazN3R0JZelFaOXoyZkxyNG9mdGlSMWhPY2xQRWRBMWFqMi8wbWl6dk8ybDV3OTFlWmxUQWFGdGgwUzFEbHFyclhxcG50Zz09IiwKICAgICAgImxpY2Vuc2UiOiAiQXBhY2hlLTIuMCIsCiAgICAgICJkZXBlbmRlbmNpZXMiOiB7CiAgICAgICAgImFzeW5jLXJldHJ5IjogIl4xLjMuMyIsCiAgICAgICAgImJ5dGVzIjogIl4zLjEuMiIsCiAgICAgICAgImlzLWJ1ZmZlciI6ICJeMi4wLjUiLAogICAgICAgICJ1bmRpY2kiOiAiXjUuMjguNCIKICAgICAgfSwKICAgICAgImVuZ2luZXMiOiB7CiAgICAgICAgIm5vZGUiOiAiPj0xNi4xNCIKICAgICAgfQogICAgfSwKICAgICJub2RlX21vZHVsZXMvYXN5bmMtcmV0cnkiOiB7CiAgICAgICJ2ZXJzaW9uIjogIjEuMy4zIiwKICAgICAgInJlc29sdmVkIjogImh0dHBzOi8vcmVnaXN0cnkubnBtanMub3JnL2FzeW5jLXJldHJ5Ly0vYXN5bmMtcmV0cnktMS4zLjMudGd6IiwKICAgICAgImludGVncml0eSI6ICJzaGE1MTItd2ZyL2pzdHc5eE5pLzB0ZU1IclJXN2RzejNMdDVBUmhZTloyZXdwYWRuaGFJcDVtYkFMaE9BUCtFQWRzQzd0NFo2d3FzRFZ2OStXNmdtMURrOW1FeXc9PSIsCiAgICAgICJsaWNlbnNlIjogIk1JVCIsCiAgICAgICJkZXBlbmRlbmNpZXMiOiB7CiAgICAgICAgInJldHJ5IjogIjAuMTMuMSIKICAgICAgfQogICAgfSwKICAgICJub2RlX21vZHVsZXMvYnl0ZXMiOiB7CiAgICAgICJ2ZXJzaW9uIjogIjMuMS4yIiwKICAgICAgInJlc29sdmVkIjogImh0dHBzOi8vcmVnaXN0cnkubnBtanMub3JnL2J5dGVzLy0vYnl0ZXMtMy4xLjIudGd6IiwKICAgICAgImludGVncml0eSI6ICJzaGE1MTItL05mN1R5elR4NlMzeVJKT2JPQVY3OTU2cjhjcjIrT2o4QUM1ZHQ4d1NQM0JRQW9lWDU4Tm9IeUNVOFA4ekdrTlhTdGpUU2k2ZnpPNkYwcEJkY1liRWc9PSIsCiAgICAgICJsaWNlbnNlIjogIk1JVCIsCiAgICAgICJlbmdpbmVzIjogewogICAgICAgICJub2RlIjogIj49IDAuOCIKICAgICAgfQogICAgfSwKICAgICJub2RlX21vZHVsZXMvaXMtYnVmZmVyIjogewogICAgICAidmVyc2lvbiI6ICIyLjAuNSIsCiAgICAgICJyZXNvbHZlZCI6ICJodHRwczovL3JlZ2lzdHJ5Lm5wbWpzLm9yZy9pcy1idWZmZXIvLS9pcy1idWZmZXItMi4wLjUudGd6IiwKICAgICAgImludGVncml0eSI6ICJzaGE1MTItaTJSNnpORkR3Z0VISnlRVXRKRWswWEZpMWkwZFBGbi9vcWpLMy92UENjRGVKdlc1TlE4M1Y4UWJpY2ZGMVN1cE9hQjBoOG50Z0JDMllpRTdkZnljdFE9PSIsCiAgICAgICJmdW5kaW5nIjogWwogICAgICAgIHsKICAgICAgICAgICJ0eXBlIjogImdpdGh1YiIsCiAgICAgICAgICAidXJsIjogImh0dHBzOi8vZ2l0aHViLmNvbS9zcG9uc29ycy9mZXJvc3MiCiAgICAgICAgfSwKICAgICAgICB7CiAgICAgICAgICAidHlwZSI6ICJwYXRyZW9uIiwKICAgICAgICAgICJ1cmwiOiAiaHR0cHM6Ly93d3cucGF0cmVvbi5jb20vZmVyb3NzIgogICAgICAgIH0sCiAgICAgICAgewogICAgICAgICAgInR5cGUiOiAiY29uc3VsdGluZyIsCiAgICAgICAgICAidXJsIjogImh0dHBzOi8vZmVyb3NzLm9yZy9zdXBwb3J0IgogICAgICAgIH0KICAgICAgXSwKICAgICAgImxpY2Vuc2UiOiAiTUlUIiwKICAgICAgImVuZ2luZXMiOiB7CiAgICAgICAgIm5vZGUiOiAiPj00IgogICAgICB9CiAgICB9LAogICAgIm5vZGVfbW9kdWxlcy9yZXRyeSI6IHsKICAgICAgInZlcnNpb24iOiAiMC4xMy4xIiwKICAgICAgInJlc29sdmVkIjogImh0dHBzOi8vcmVnaXN0cnkubnBtanMub3JnL3JldHJ5Ly0vcmV0cnktMC4xMy4xLnRneiIsCiAgICAgICJpbnRlZ3JpdHkiOiAic2hhNTEyLVhRQlEzSThXMUNnZTBTZWgrNmdqajAzTGJtUkZXdW9zemdLOW9vQ3B3WUlyaGhvTzgwcGZxNGNVa1U1RGtrbndmT2ZGdGVSd2xaNTZQWU9HWXlGV2RnPT0iLAogICAgICAibGljZW5zZSI6ICJNSVQiLAogICAgICAiZW5naW5lcyI6IHsKICAgICAgICAibm9kZSI6ICI+PSA0IgogICAgICB9CiAgICB9LAogICAgIm5vZGVfbW9kdWxlcy91bmRpY2kiOiB7CiAgICAgICJ2ZXJzaW9uIjogIjUuMjkuMCIsCiAgICAgICJyZXNvbHZlZCI6ICJodHRwczovL3JlZ2lzdHJ5Lm5wbWpzLm9yZy91bmRpY2kvLS91bmRpY2ktNS4yOS4wLnRneiIsCiAgICAgICJpbnRlZ3JpdHkiOiAic2hhNTEyLXJhcWVCRDZOUUs0U2tXaFF6ZVlLZDFLbUlHNmRsbEJPVHQ1NVJta3Q0SHRJOW13ZFd0SmxqbnJYakFGVUJMVFNONjdIV3JPSVozRVBGNGtqVXc4MEJnPT0iLAogICAgICAibGljZW5zZSI6ICJNSVQiLAogICAgICAiZGVwZW5kZW5jaWVzIjogewogICAgICAgICJAZmFzdGlmeS9idXNib3kiOiAiXjIuMC4wIgogICAgICB9LAogICAgICAiZW5naW5lcyI6IHsKICAgICAgICAibm9kZSI6ICI+PTE0LjAiCiAgICAgIH0KICAgIH0KICB9Cn0K"}